// !$*UTF8*$!
{
	archiveVersion = 1;
	classes = {
	};
	objectVersion = 77;
	objects = {

/* Begin PBXFileReference section */
		4B6BA9869810C799488164AB /* C2PAC.framework */ = {isa = PBXFileReference; explicitFileType = wrapper.framework; includeInIndex = 0; path = C2PAC.framework; sourceTree = BUILT_PRODUCTS_DIR; };
		953415FF2E6EB47200A97957 /* Base.xcconfig */ = {isa = PBXFileReference; lastKnownFileType = text.xcconfig; path = Base.xcconfig; sourceTree = "<group>"; };
		9A1234551234567890ABCDEF /* Package.swift */ = {isa = PBXFileReference; lastKnownFileType = sourcecode.swift; path = Package.swift; sourceTree = "<group>"; };
		9A1234571234567890ABCDEF /* Sources */ = {isa = PBXFileReference; lastKnownFileType = folder; path = Sources; sourceTree = "<group>"; };
		9A1234601234567890ABCDEF /* SigningServer */ = {isa = PBXFileReference; explicitFileType = "compiled.mach-o.executable"; includeInIndex = 0; path = SigningServer; sourceTree = BUILT_PRODUCTS_DIR; };
		FD955EAFD503AF5F76308D00 /* C2PAC.framework */ = {isa = PBXFileReference; explicitFileType = wrapper.framework; includeInIndex = 0; path = C2PAC.framework; sourceTree = BUILT_PRODUCTS_DIR; };
/* End PBXFileReference section */

/* Begin PBXFrameworksBuildPhase section */
		9A1234651234567890ABCDEF /* Frameworks */ = {
			isa = PBXFrameworksBuildPhase;
			buildActionMask = 2147483647;
			files = (
			);
			runOnlyForDeploymentPostprocessing = 0;
		};
/* End PBXFrameworksBuildPhase section */

/* Begin PBXGroup section */
		953416002E6EB47200A97957 /* Configurations */ = {
			isa = PBXGroup;
			children = (
				953415FF2E6EB47200A97957 /* Base.xcconfig */,
			);
			name = Configurations;
			path = ../Configurations;
			sourceTree = SOURCE_ROOT;
		};
		9A1234501234567890ABCDEF = {
			isa = PBXGroup;
			children = (
				953416002E6EB47200A97957 /* Configurations */,
				9A1234551234567890ABCDEF /* Package.swift */,
				9A1234571234567890ABCDEF /* Sources */,
				9A1234611234567890ABCDEF /* Products */,
			);
			sourceTree = "<group>";
		};
		9A1234611234567890ABCDEF /* Products */ = {
			isa = PBXGroup;
			children = (
				9A1234601234567890ABCDEF /* SigningServer */,
				4B6BA9869810C799488164AB /* C2PAC.framework */,
				FD955EAFD503AF5F76308D00 /* C2PAC.framework */,
			);
			name = Products;
			sourceTree = "<group>";
		};
/* End PBXGroup section */

/* Begin PBXNativeTarget section */
		9A1234621234567890ABCDEF /* SigningServer */ = {
			isa = PBXNativeTarget;
			buildConfigurationList = 9A1234631234567890ABCDEF /* Build configuration list for PBXNativeTarget "SigningServer" */;
			buildPhases = (
				9A1234641234567890ABCDEF /* Sources */,
				9A1234651234567890ABCDEF /* Frameworks */,
				9A1234661234567890ABCDEF /* Run Script - Build with Swift Package Manager */,
			);
			buildRules = (
			);
			dependencies = (
			);
			name = SigningServer;
			productName = SigningServer;
			productReference = 9A1234601234567890ABCDEF /* SigningServer */;
			productType = "com.apple.product-type.tool";
		};
/* End PBXNativeTarget section */

/* Begin PBXProject section */
		9A1234511234567890ABCDEF /* Project object */ = {
			isa = PBXProject;
			attributes = {
				BuildIndependentTargetsInParallel = 1;
				LastSwiftUpdateCheck = 1540;
				LastUpgradeCheck = 1640;
				TargetAttributes = {
					9A1234621234567890ABCDEF = {
						CreatedOnToolsVersion = 15.4;
					};
				};
			};
			buildConfigurationList = 9A1234541234567890ABCDEF /* Build configuration list for PBXProject "SigningServer" */;
			developmentRegion = en;
			hasScannedForEncodings = 0;
			knownRegions = (
				en,
				Base,
			);
			mainGroup = 9A1234501234567890ABCDEF;
			preferredProjectObjectVersion = 77;
			productRefGroup = 9A1234611234567890ABCDEF /* Products */;
			projectDirPath = "";
			projectRoot = "";
			targets = (
				9A1234621234567890ABCDEF /* SigningServer */,
			);
		};
/* End PBXProject section */

/* Begin PBXShellScriptBuildPhase section */
		9A1234661234567890ABCDEF /* Run Script - Build with Swift Package Manager */ = {
			isa = PBXShellScriptBuildPhase;
			alwaysOutOfDate = 1;
			buildActionMask = 2147483647;
			files = (
			);
			inputFileListPaths = (
			);
			inputPaths = (
			);
			name = "Run Script - Build with Swift Package Manager";
			outputFileListPaths = (
			);
			outputPaths = (
				"$(BUILT_PRODUCTS_DIR)/SigningServer",
			);
			runOnlyForDeploymentPostprocessing = 0;
			shellPath = /bin/sh;
			shellScript = "cd \"$SRCROOT\"\n# Set library path for build\nexport DYLD_LIBRARY_PATH=\"${SRCROOT}/libs:${DYLD_LIBRARY_PATH}\"\n# Build the SPM package\nswift build -c debug -Xlinker -L${SRCROOT}/libs\n# Copy the executable to the build products directory\ncp .build/debug/SigningServer \"$BUILT_PRODUCTS_DIR/SigningServer\"\n";
		};
/* End PBXShellScriptBuildPhase section */

/* Begin PBXSourcesBuildPhase section */
		9A1234641234567890ABCDEF /* Sources */ = {
			isa = PBXSourcesBuildPhase;
			buildActionMask = 2147483647;
			files = (
			);
			runOnlyForDeploymentPostprocessing = 0;
		};
/* End PBXSourcesBuildPhase section */

/* Begin XCBuildConfiguration section */
		9A1234521234567890ABCDEF /* Debug */ = {
			isa = XCBuildConfiguration;
			baseConfigurationReference = 953415FF2E6EB47200A97957 /* Base.xcconfig */;
			buildSettings = {
				ALWAYS_SEARCH_USER_PATHS = NO;
				ASSETCATALOG_COMPILER_GENERATE_SWIFT_ASSET_SYMBOL_EXTENSIONS = YES;
				CLANG_ANALYZER_NONNULL = YES;
				CLANG_ANALYZER_NUMBER_OBJECT_CONVERSION = YES_AGGRESSIVE;
				CLANG_CXX_LANGUAGE_STANDARD = "gnu++20";
				CLANG_ENABLE_MODULES = YES;
				CLANG_ENABLE_OBJC_ARC = YES;
				CLANG_ENABLE_OBJC_WEAK = YES;
				CLANG_WARN_BLOCK_CAPTURE_AUTORELEASING = YES;
				CLANG_WARN_BOOL_CONVERSION = YES;
				CLANG_WARN_COMMA = YES;
				CLANG_WARN_CONSTANT_CONVERSION = YES;
				CLANG_WARN_DEPRECATED_OBJC_IMPLEMENTATIONS = YES;
				CLANG_WARN_DIRECT_OBJC_ISA_USAGE = YES_ERROR;
				CLANG_WARN_DOCUMENTATION_COMMENTS = YES;
				CLANG_WARN_EMPTY_BODY = YES;
				CLANG_WARN_ENUM_CONVERSION = YES;
				CLANG_WARN_INFINITE_RECURSION = YES;
				CLANG_WARN_INT_CONVERSION = YES;
				CLANG_WARN_NON_LITERAL_NULL_CONVERSION = YES;
				CLANG_WARN_OBJC_IMPLICIT_RETAIN_SELF = YES;
				CLANG_WARN_OBJC_LITERAL_CONVERSION = YES;
				CLANG_WARN_OBJC_ROOT_CLASS = YES_ERROR;
				CLANG_WARN_QUOTED_INCLUDE_IN_FRAMEWORK_HEADER = YES;
				CLANG_WARN_RANGE_LOOP_ANALYSIS = YES;
				CLANG_WARN_STRICT_PROTOTYPES = YES;
				CLANG_WARN_SUSPICIOUS_MOVE = YES;
				CLANG_WARN_UNGUARDED_AVAILABILITY = YES_AGGRESSIVE;
				CLANG_WARN_UNREACHABLE_CODE = YES;
				CLANG_WARN__DUPLICATE_METHOD_MATCH = YES;
				COPY_PHASE_STRIP = NO;
				DEAD_CODE_STRIPPING = YES;
				DEBUG_INFORMATION_FORMAT = dwarf;
				ENABLE_STRICT_OBJC_MSGSEND = YES;
				ENABLE_TESTABILITY = YES;
				ENABLE_USER_SCRIPT_SANDBOXING = NO;
				GCC_C_LANGUAGE_STANDARD = gnu17;
				GCC_DYNAMIC_NO_PIC = NO;
				GCC_NO_COMMON_BLOCKS = YES;
				GCC_OPTIMIZATION_LEVEL = 0;
				GCC_PREPROCESSOR_DEFINITIONS = (
					"DEBUG=1",
					"$(inherited)",
				);
				GCC_WARN_64_TO_32_BIT_CONVERSION = YES;
				GCC_WARN_ABOUT_RETURN_TYPE = YES_ERROR;
				GCC_WARN_UNDECLARED_SELECTOR = YES;
				GCC_WARN_UNINITIALIZED_AUTOS = YES_AGGRESSIVE;
				GCC_WARN_UNUSED_FUNCTION = YES;
				GCC_WARN_UNUSED_VARIABLE = YES;
				LOCALIZATION_PREFERS_STRING_CATALOGS = YES;
				MACOSX_DEPLOYMENT_TARGET = 12.0;
				MTL_ENABLE_DEBUG_INFO = INCLUDE_SOURCE;
				MTL_FAST_MATH = YES;
				ONLY_ACTIVE_ARCH = YES;
				SDKROOT = macosx;
				SWIFT_ACTIVE_COMPILATION_CONDITIONS = "DEBUG $(inherited)";
				SWIFT_OPTIMIZATION_LEVEL = "-Onone";
			};
			name = Debug;
		};
		9A1234531234567890ABCDEF /* Release */ = {
			isa = XCBuildConfiguration;
			baseConfigurationReference = 953415FF2E6EB47200A97957 /* Base.xcconfig */;
			buildSettings = {
				ALWAYS_SEARCH_USER_PATHS = NO;
				ASSETCATALOG_COMPILER_GENERATE_SWIFT_ASSET_SYMBOL_EXTENSIONS = YES;
				CLANG_ANALYZER_NONNULL = YES;
				CLANG_ANALYZER_NUMBER_OBJECT_CONVERSION = YES_AGGRESSIVE;
				CLANG_CXX_LANGUAGE_STANDARD = "gnu++20";
				CLANG_ENABLE_MODULES = YES;
				CLANG_ENABLE_OBJC_ARC = YES;
				CLANG_ENABLE_OBJC_WEAK = YES;
				CLANG_WARN_BLOCK_CAPTURE_AUTORELEASING = YES;
				CLANG_WARN_BOOL_CONVERSION = YES;
				CLANG_WARN_COMMA = YES;
				CLANG_WARN_CONSTANT_CONVERSION = YES;
				CLANG_WARN_DEPRECATED_OBJC_IMPLEMENTATIONS = YES;
				CLANG_WARN_DIRECT_OBJC_ISA_USAGE = YES_ERROR;
				CLANG_WARN_DOCUMENTATION_COMMENTS = YES;
				CLANG_WARN_EMPTY_BODY = YES;
				CLANG_WARN_ENUM_CONVERSION = YES;
				CLANG_WARN_INFINITE_RECURSION = YES;
				CLANG_WARN_INT_CONVERSION = YES;
				CLANG_WARN_NON_LITERAL_NULL_CONVERSION = YES;
				CLANG_WARN_OBJC_IMPLICIT_RETAIN_SELF = YES;
				CLANG_WARN_OBJC_LITERAL_CONVERSION = YES;
				CLANG_WARN_OBJC_ROOT_CLASS = YES_ERROR;
				CLANG_WARN_QUOTED_INCLUDE_IN_FRAMEWORK_HEADER = YES;
				CLANG_WARN_RANGE_LOOP_ANALYSIS = YES;
				CLANG_WARN_STRICT_PROTOTYPES = YES;
				CLANG_WARN_SUSPICIOUS_MOVE = YES;
				CLANG_WARN_UNGUARDED_AVAILABILITY = YES_AGGRESSIVE;
				CLANG_WARN_UNREACHABLE_CODE = YES;
				CLANG_WARN__DUPLICATE_METHOD_MATCH = YES;
				COPY_PHASE_STRIP = NO;
				DEAD_CODE_STRIPPING = YES;
				DEBUG_INFORMATION_FORMAT = "dwarf-with-dsym";
				ENABLE_NS_ASSERTIONS = NO;
				ENABLE_STRICT_OBJC_MSGSEND = YES;
				ENABLE_USER_SCRIPT_SANDBOXING = NO;
				GCC_C_LANGUAGE_STANDARD = gnu17;
				GCC_NO_COMMON_BLOCKS = YES;
				GCC_WARN_64_TO_32_BIT_CONVERSION = YES;
				GCC_WARN_ABOUT_RETURN_TYPE = YES_ERROR;
				GCC_WARN_UNDECLARED_SELECTOR = YES;
				GCC_WARN_UNINITIALIZED_AUTOS = YES_AGGRESSIVE;
				GCC_WARN_UNUSED_FUNCTION = YES;
				GCC_WARN_UNUSED_VARIABLE = YES;
				LOCALIZATION_PREFERS_STRING_CATALOGS = YES;
				MACOSX_DEPLOYMENT_TARGET = 12.0;
				MTL_ENABLE_DEBUG_INFO = NO;
				MTL_FAST_MATH = YES;
				SDKROOT = macosx;
				SWIFT_COMPILATION_MODE = wholemodule;
			};
			name = Release;
		};
		9A1234671234567890ABCDEF /* Debug */ = {
			isa = XCBuildConfiguration;
			baseConfigurationReference = 953415FF2E6EB47200A97957 /* Base.xcconfig */;
			buildSettings = {
				CODE_SIGN_STYLE = Automatic;
				DEAD_CODE_STRIPPING = YES;
				DEVELOPMENT_TEAM = "";
				PRODUCT_BUNDLE_IDENTIFIER = org.contentauth.signingserver;
				PRODUCT_NAME = "$(TARGET_NAME)";
				SWIFT_DEBUG_INFORMATION_FORMAT = dwarf;
				SWIFT_VERSION = 5.0;
			};
			name = Debug;
		};
		9A1234681234567890ABCDEF /* Release */ = {
			isa = XCBuildConfiguration;
			baseConfigurationReference = 953415FF2E6EB47200A97957 /* Base.xcconfig */;
			buildSettings = {
				CODE_SIGN_STYLE = Automatic;
				DEAD_CODE_STRIPPING = YES;
				DEVELOPMENT_TEAM = "";
				PRODUCT_BUNDLE_IDENTIFIER = org.contentauth.signingserver;
				PRODUCT_NAME = "$(TARGET_NAME)";
				SWIFT_DEBUG_INFORMATION_FORMAT = dwarf;
				SWIFT_VERSION = 5.0;
			};
			name = Release;
		};
/* End XCBuildConfiguration section */

/* Begin XCConfigurationList section */
		9A1234541234567890ABCDEF /* Build configuration list for PBXProject "SigningServer" */ = {
			isa = XCConfigurationList;
			buildConfigurations = (
				9A1234521234567890ABCDEF /* Debug */,
				9A1234531234567890ABCDEF /* Release */,
			);
			defaultConfigurationIsVisible = 0;
			defaultConfigurationName = Release;
		};
		9A1234631234567890ABCDEF /* Build configuration list for PBXNativeTarget "SigningServer" */ = {
			isa = XCConfigurationList;
			buildConfigurations = (
				9A1234671234567890ABCDEF /* Debug */,
				9A1234681234567890ABCDEF /* Release */,
			);
			defaultConfigurationIsVisible = 0;
			defaultConfigurationName = Release;
		};
/* End XCConfigurationList section */
	};
	rootObject = 9A1234511234567890ABCDEF /* Project object */;
}
