<?xml version="1.0" encoding="UTF-8"?>
<Scheme
   LastUpgradeVersion = "2620"
   version = "1.7">
   <BuildAction
      parallelizeBuildables = "YES"
      buildImplicitDependencies = "YES"
      buildArchitectures = "Automatic">
      <PreActions>
         <ExecutionAction
            ActionType = "Xcode.IDEStandardExecutionActionsCore.ExecutionActionType.ShellScriptAction">
            <ActionContent
               title = "Setup SigningServer Environment"
               scriptText = "#!/bin/bash&#10;set -e&#10;&#10;# Setup for SigningServer - copy test certificates&#10;cd &quot;${PROJECT_DIR}&quot;&#10;&#10;echo &quot;SigningServer Setup&quot;&#10;echo &quot;==================&quot;&#10;&#10;TEST_SHARED_DIR=&quot;${PROJECT_DIR}/../TestShared&quot;&#10;&#10;# Copy test certificates from TestShared&#10;echo &quot;Copying test certificates...&quot;&#10;mkdir -p &quot;${PROJECT_DIR}/Resources&quot;&#10;&#10;if [ -f &quot;${TEST_SHARED_DIR}/Sources/Resources/es256_certs.pem&quot; ]; then&#10;    cp &quot;${TEST_SHARED_DIR}/Sources/Resources/es256_certs.pem&quot; &quot;${PROJECT_DIR}/Resources/&quot;&#10;    echo &quot;  Copied es256_certs.pem&quot;&#10;fi&#10;&#10;if [ -f &quot;${TEST_SHARED_DIR}/Sources/Resources/es256_private.key&quot; ]; then&#10;    cp &quot;${TEST_SHARED_DIR}/Sources/Resources/es256_private.key&quot; &quot;${PROJECT_DIR}/Resources/&quot;&#10;    echo &quot;  Copied es256_private.key&quot;&#10;fi&#10;&#10;# Resolve package dependencies&#10;echo &quot;Resolving package dependencies...&quot;&#10;swift package resolve&#10;&#10;echo &quot;SigningServer setup completed!&quot;&#10;"
               shellToInvoke = "/bin/bash">
               <EnvironmentBuildable>
                  <BuildableReference
                     BuildableIdentifier = "primary"
                     BlueprintIdentifier = "9A1234621234567890ABCDEF"
                     BuildableName = "SigningServer"
                     BlueprintName = "SigningServer"
                     ReferencedContainer = "container:SigningServer.xcodeproj">
                  </BuildableReference>
               </EnvironmentBuildable>
            </ActionContent>
         </ExecutionAction>
      </PreActions>
      <BuildActionEntries>
         <BuildActionEntry
            buildForTesting = "YES"
            buildForRunning = "YES"
            buildForProfiling = "YES"
            buildForArchiving = "YES"
            buildForAnalyzing = "YES">
            <BuildableReference
               BuildableIdentifier = "primary"
               BlueprintIdentifier = "9A1234621234567890ABCDEF"
               BuildableName = "SigningServer"
               BlueprintName = "SigningServer"
               ReferencedContainer = "container:SigningServer.xcodeproj">
            </BuildableReference>
         </BuildActionEntry>
      </BuildActionEntries>
   </BuildAction>
   <TestAction
      buildConfiguration = "Debug"
      selectedDebuggerIdentifier = "Xcode.DebuggerFoundation.Debugger.LLDB"
      selectedLauncherIdentifier = "Xcode.DebuggerFoundation.Launcher.LLDB"
      shouldUseLaunchSchemeArgsEnv = "YES">
      <Testables>
      </Testables>
   </TestAction>
   <LaunchAction
      buildConfiguration = "Debug"
      selectedDebuggerIdentifier = "Xcode.DebuggerFoundation.Debugger.LLDB"
      selectedLauncherIdentifier = "Xcode.DebuggerFoundation.Launcher.LLDB"
      launchStyle = "0"
      useCustomWorkingDirectory = "YES"
      customWorkingDirectory = "$(PROJECT_DIR)"
      ignoresPersistentStateOnLaunch = "NO"
      debugDocumentVersioning = "YES"
      debugServiceExtension = "internal"
      allowLocationSimulation = "YES">
      <BuildableProductRunnable
         runnableDebuggingMode = "0">
         <BuildableReference
            BuildableIdentifier = "primary"
            BlueprintIdentifier = "9A1234621234567890ABCDEF"
            BuildableName = "SigningServer"
            BlueprintName = "SigningServer"
            ReferencedContainer = "container:SigningServer.xcodeproj">
         </BuildableReference>
      </BuildableProductRunnable>
      <CommandLineArguments>
         <CommandLineArgument
            argument = "serve"
            isEnabled = "YES">
         </CommandLineArgument>
         <CommandLineArgument
            argument = "--hostname"
            isEnabled = "YES">
         </CommandLineArgument>
         <CommandLineArgument
            argument = "127.0.0.1"
            isEnabled = "YES">
         </CommandLineArgument>
         <CommandLineArgument
            argument = "--port"
            isEnabled = "YES">
         </CommandLineArgument>
         <CommandLineArgument
            argument = "8080"
            isEnabled = "YES">
         </CommandLineArgument>
      </CommandLineArguments>
      <EnvironmentVariables>
         <EnvironmentVariable
            key = "LOG_LEVEL"
            value = "debug"
            isEnabled = "YES">
         </EnvironmentVariable>
         <EnvironmentVariable
            key = "SIGNING_SERVER_URL"
            value = "$(SIGNING_SERVER_URL)"
            isEnabled = "YES">
         </EnvironmentVariable>
         <EnvironmentVariable
            key = "SIGNING_SERVER_TOKEN"
            value = "$(SIGNING_SERVER_TOKEN)"
            isEnabled = "YES">
         </EnvironmentVariable>
      </EnvironmentVariables>
   </LaunchAction>
   <ProfileAction
      buildConfiguration = "Release"
      shouldUseLaunchSchemeArgsEnv = "YES"
      savedToolIdentifier = ""
      useCustomWorkingDirectory = "NO"
      debugDocumentVersioning = "YES">
      <BuildableProductRunnable
         runnableDebuggingMode = "0">
         <BuildableReference
            BuildableIdentifier = "primary"
            BlueprintIdentifier = "9A1234621234567890ABCDEF"
            BuildableName = "SigningServer"
            BlueprintName = "SigningServer"
            ReferencedContainer = "container:SigningServer.xcodeproj">
         </BuildableReference>
      </BuildableProductRunnable>
   </ProfileAction>
   <AnalyzeAction
      buildConfiguration = "Debug">
   </AnalyzeAction>
   <ArchiveAction
      buildConfiguration = "Release"
      revealArchiveInOrganizer = "YES">
   </ArchiveAction>
</Scheme>
