<?xml version="1.0" encoding="UTF-8"?>
<Scheme
   LastUpgradeVersion = "1640"
   version = "1.7">
   <BuildAction
      parallelizeBuildables = "YES"
      buildImplicitDependencies = "YES"
      buildArchitectures = "Automatic">
      <PreActions>
         <ExecutionAction
            ActionType = "Xcode.IDEStandardExecutionActionsCore.ExecutionActionType.ShellScriptAction">
            <ActionContent
               title = "Download C2PA Libraries"
               scriptText = "# Download C2PA libraries for SigningServer&#10;cd &quot;${PROJECT_DIR}&quot;&#10;./scripts/download-macos-libs.sh&#10;&#10;# Create symlink for library in build directory&#10;mkdir -p .build/arm64-apple-macosx/debug&#10;ln -sf &quot;${PROJECT_DIR}/libs/libc2pa_c.dylib&quot; .build/arm64-apple-macosx/debug/libc2pa_c.dylib"
               shellToInvoke = "/bin/bash">
               <EnvironmentBuildable>
                  <BuildableReference
                     BuildableIdentifier = "primary"
                     BlueprintIdentifier = "9A1234621234567890ABCDEF"
                     BuildableName = "SigningServer"
                     BlueprintName = "SigningServer"
                     ReferencedContainer = "container:SigningServer/SigningServer.xcodeproj">
                  </BuildableReference>
               </EnvironmentBuildable>
            </ActionContent>
         </ExecutionAction>
      </PreActions>
      <BuildActionEntries>
         <BuildActionEntry
            buildForTesting = "YES"
            buildForRunning = "YES"
            buildForProfiling = "YES"
            buildForArchiving = "YES"
            buildForAnalyzing = "YES">
            <BuildableReference
               BuildableIdentifier = "primary"
               BlueprintIdentifier = "9A1234621234567890ABCDEF"
               BuildableName = "SigningServer"
               BlueprintName = "SigningServer"
               ReferencedContainer = "container:SigningServer/SigningServer.xcodeproj">
            </BuildableReference>
         </BuildActionEntry>
      </BuildActionEntries>
   </BuildAction>
   <TestAction
      buildConfiguration = "Debug"
      selectedDebuggerIdentifier = "Xcode.DebuggerFoundation.Debugger.LLDB"
      selectedLauncherIdentifier = "Xcode.DebuggerFoundation.Launcher.LLDB"
      shouldUseLaunchSchemeArgsEnv = "YES">
      <Testables>
      </Testables>
   </TestAction>
   <LaunchAction
      buildConfiguration = "Debug"
      selectedDebuggerIdentifier = "Xcode.DebuggerFoundation.Debugger.LLDB"
      selectedLauncherIdentifier = "Xcode.DebuggerFoundation.Launcher.LLDB"
      launchStyle = "0"
      useCustomWorkingDirectory = "YES"
      customWorkingDirectory = "$(PROJECT_DIR)"
      ignoresPersistentStateOnLaunch = "NO"
      debugDocumentVersioning = "YES"
      debugServiceExtension = "internal"
      allowLocationSimulation = "YES">
      <BuildableProductRunnable
         runnableDebuggingMode = "0">
         <BuildableReference
            BuildableIdentifier = "primary"
            BlueprintIdentifier = "9A1234621234567890ABCDEF"
            BuildableName = "SigningServer"
            BlueprintName = "SigningServer"
            ReferencedContainer = "container:SigningServer/SigningServer.xcodeproj">
         </BuildableReference>
      </BuildableProductRunnable>
      <CommandLineArguments>
         <CommandLineArgument
            argument = "serve"
            isEnabled = "YES">
         </CommandLineArgument>
         <CommandLineArgument
            argument = "--hostname"
            isEnabled = "YES">
         </CommandLineArgument>
         <CommandLineArgument
            argument = "127.0.0.1"
            isEnabled = "YES">
         </CommandLineArgument>
         <CommandLineArgument
            argument = "--port"
            isEnabled = "YES">
         </CommandLineArgument>
         <CommandLineArgument
            argument = "8080"
            isEnabled = "YES">
         </CommandLineArgument>
      </CommandLineArguments>
      <EnvironmentVariables>
         <EnvironmentVariable
            key = "LOG_LEVEL"
            value = "debug"
            isEnabled = "YES">
         </EnvironmentVariable>
         <EnvironmentVariable
            key = "DYLD_LIBRARY_PATH"
            value = "libs:$(DYLD_LIBRARY_PATH)"
            isEnabled = "YES">
         </EnvironmentVariable>
      </EnvironmentVariables>
   </LaunchAction>
   <ProfileAction
      buildConfiguration = "Release"
      shouldUseLaunchSchemeArgsEnv = "YES"
      savedToolIdentifier = ""
      useCustomWorkingDirectory = "NO"
      debugDocumentVersioning = "YES">
      <BuildableProductRunnable
         runnableDebuggingMode = "0">
         <BuildableReference
            BuildableIdentifier = "primary"
            BlueprintIdentifier = "9A1234621234567890ABCDEF"
            BuildableName = "SigningServer"
            BlueprintName = "SigningServer"
            ReferencedContainer = "container:SigningServer/SigningServer.xcodeproj">
         </BuildableReference>
      </BuildableProductRunnable>
   </ProfileAction>
   <AnalyzeAction
      buildConfiguration = "Debug">
   </AnalyzeAction>
   <ArchiveAction
      buildConfiguration = "Release"
      revealArchiveInOrganizer = "YES">
   </ArchiveAction>
</Scheme>
