// !$*UTF8*$!
{
	archiveVersion = 1;
	classes = {
	};
	objectVersion = 77;
	objects = {

/* Begin PBXBuildFile section */
		953EDE002DF6DA2E0095F9EF /* C2PA in Frameworks */ = {isa = PBXBuildFile; productRef = 953EDDFF2DF6DA2E0095F9EF /* C2PA */; };
		95D65F862E017D22009D5F10 /* C2PA in Frameworks */ = {isa = PBXBuildFile; productRef = 95D65F852E017D22009D5F10 /* C2PA */; };
/* End PBXBuildFile section */

/* Begin PBXContainerItemProxy section */
		95D65F7A2E017C67009D5F10 /* PBXContainerItemProxy */ = {
			isa = PBXContainerItemProxy;
			containerPortal = 959206012DD9F0B800E0E44B /* Project object */;
			proxyType = 1;
			remoteGlobalIDString = 959206082DD9F0B800E0E44B;
			remoteInfo = C2PAExample;
		};
/* End PBXContainerItemProxy section */

/* Begin PBXFileReference section */
		959206092DD9F0B800E0E44B /* C2PAExample.app */ = {isa = PBXFileReference; explicitFileType = wrapper.application; includeInIndex = 0; path = C2PAExample.app; sourceTree = BUILT_PRODUCTS_DIR; };
		95D65F762E017C67009D5F10 /* C2PAExampleTests.xctest */ = {isa = PBXFileReference; explicitFileType = wrapper.cfbundle; includeInIndex = 0; path = C2PAExampleTests.xctest; sourceTree = BUILT_PRODUCTS_DIR; };
/* End PBXFileReference section */

/* Begin PBXFileSystemSynchronizedBuildFileExceptionSet section */
		95D65F842E017CF1009D5F10 /* Exceptions for "C2PAExample" folder in "C2PAExampleTests" target */ = {
			isa = PBXFileSystemSynchronizedBuildFileExceptionSet;
			membershipExceptions = (
				"adobe-20220124-CI.jpg",
				es256_certs.pem,
				es256_private.key,
				"pexels-asadphoto-457882.jpg",
			);
			target = 95D65F752E017C67009D5F10 /* C2PAExampleTests */;
		};
/* End PBXFileSystemSynchronizedBuildFileExceptionSet section */

/* Begin PBXFileSystemSynchronizedRootGroup section */
		9592060B2DD9F0B800E0E44B /* C2PAExample */ = {
			isa = PBXFileSystemSynchronizedRootGroup;
			exceptions = (
				95D65F842E017CF1009D5F10 /* Exceptions for "C2PAExample" folder in "C2PAExampleTests" target */,
			);
			path = C2PAExample;
			sourceTree = "<group>";
		};
		95D65F772E017C67009D5F10 /* C2PAExampleTests */ = {
			isa = PBXFileSystemSynchronizedRootGroup;
			path = C2PAExampleTests;
			sourceTree = "<group>";
		};
/* End PBXFileSystemSynchronizedRootGroup section */

/* Begin PBXFrameworksBuildPhase section */
		959206062DD9F0B800E0E44B /* Frameworks */ = {
			isa = PBXFrameworksBuildPhase;
			buildActionMask = 2147483647;
			files = (
				953EDE002DF6DA2E0095F9EF /* C2PA in Frameworks */,
			);
			runOnlyForDeploymentPostprocessing = 0;
		};
		95D65F732E017C67009D5F10 /* Frameworks */ = {
			isa = PBXFrameworksBuildPhase;
			buildActionMask = 2147483647;
			files = (
				95D65F862E017D22009D5F10 /* C2PA in Frameworks */,
			);
			runOnlyForDeploymentPostprocessing = 0;
		};
/* End PBXFrameworksBuildPhase section */

/* Begin PBXGroup section */
		959206002DD9F0B800E0E44B = {
			isa = PBXGroup;
			children = (
				9592060B2DD9F0B800E0E44B /* C2PAExample */,
				95D65F772E017C67009D5F10 /* C2PAExampleTests */,
				9592060A2DD9F0B800E0E44B /* Products */,
			);
			sourceTree = "<group>";
		};
		9592060A2DD9F0B800E0E44B /* Products */ = {
			isa = PBXGroup;
			children = (
				959206092DD9F0B800E0E44B /* C2PAExample.app */,
				95D65F762E017C67009D5F10 /* C2PAExampleTests.xctest */,
			);
			name = Products;
			sourceTree = "<group>";
		};
/* End PBXGroup section */

/* Begin PBXNativeTarget section */
		959206082DD9F0B800E0E44B /* C2PAExample */ = {
			isa = PBXNativeTarget;
			buildConfigurationList = 959206142DD9F0BA00E0E44B /* Build configuration list for PBXNativeTarget "C2PAExample" */;
			buildPhases = (
				959206052DD9F0B800E0E44B /* Sources */,
				959206062DD9F0B800E0E44B /* Frameworks */,
				959206072DD9F0B800E0E44B /* Resources */,
			);
			buildRules = (
			);
			dependencies = (
			);
			fileSystemSynchronizedGroups = (
				9592060B2DD9F0B800E0E44B /* C2PAExample */,
			);
			name = C2PAExample;
			packageProductDependencies = (
				953EDDFF2DF6DA2E0095F9EF /* C2PA */,
			);
			productName = C2PAExample;
			productReference = 959206092DD9F0B800E0E44B /* C2PAExample.app */;
			productType = "com.apple.product-type.application";
		};
		95D65F752E017C67009D5F10 /* C2PAExampleTests */ = {
			isa = PBXNativeTarget;
			buildConfigurationList = 95D65F7C2E017C67009D5F10 /* Build configuration list for PBXNativeTarget "C2PAExampleTests" */;
			buildPhases = (
				95D65F722E017C67009D5F10 /* Sources */,
				95D65F732E017C67009D5F10 /* Frameworks */,
				95D65F742E017C67009D5F10 /* Resources */,
			);
			buildRules = (
			);
			dependencies = (
				95D65F7B2E017C67009D5F10 /* PBXTargetDependency */,
			);
			fileSystemSynchronizedGroups = (
				95D65F772E017C67009D5F10 /* C2PAExampleTests */,
			);
			name = C2PAExampleTests;
			packageProductDependencies = (
				95D65F852E017D22009D5F10 /* C2PA */,
			);
			productName = C2PAExampleTests;
			productReference = 95D65F762E017C67009D5F10 /* C2PAExampleTests.xctest */;
			productType = "com.apple.product-type.bundle.unit-test";
		};
/* End PBXNativeTarget section */

/* Begin PBXProject section */
		959206012DD9F0B800E0E44B /* Project object */ = {
			isa = PBXProject;
			attributes = {
				BuildIndependentTargetsInParallel = 1;
				LastSwiftUpdateCheck = 1640;
				LastUpgradeCheck = 1630;
				TargetAttributes = {
					959206082DD9F0B800E0E44B = {
						CreatedOnToolsVersion = 16.3;
					};
					95D65F752E017C67009D5F10 = {
						CreatedOnToolsVersion = 16.4;
						TestTargetID = 959206082DD9F0B800E0E44B;
					};
				};
			};
			buildConfigurationList = 959206042DD9F0B800E0E44B /* Build configuration list for PBXProject "C2PAExample" */;
			developmentRegion = en;
			hasScannedForEncodings = 0;
			knownRegions = (
				en,
				Base,
			);
			mainGroup = 959206002DD9F0B800E0E44B;
			minimizedProjectReferenceProxies = 1;
			packageReferences = (
				953EDDFE2DF6DA2E0095F9EF /* XCLocalSwiftPackageReference "../output/C2PA-iOS" */,
			);
			preferredProjectObjectVersion = 77;
			productRefGroup = 9592060A2DD9F0B800E0E44B /* Products */;
			projectDirPath = "";
			projectRoot = "";
			targets = (
				959206082DD9F0B800E0E44B /* C2PAExample */,
				95D65F752E017C67009D5F10 /* C2PAExampleTests */,
			);
		};
/* End PBXProject section */

/* Begin PBXResourcesBuildPhase section */
		959206072DD9F0B800E0E44B /* Resources */ = {
			isa = PBXResourcesBuildPhase;
			buildActionMask = 2147483647;
			files = (
			);
			runOnlyForDeploymentPostprocessing = 0;
		};
		95D65F742E017C67009D5F10 /* Resources */ = {
			isa = PBXResourcesBuildPhase;
			buildActionMask = 2147483647;
			files = (
			);
			runOnlyForDeploymentPostprocessing = 0;
		};
/* End PBXResourcesBuildPhase section */

/* Begin PBXSourcesBuildPhase section */
		959206052DD9F0B800E0E44B /* Sources */ = {
			isa = PBXSourcesBuildPhase;
			buildActionMask = 2147483647;
			files = (
			);
			runOnlyForDeploymentPostprocessing = 0;
		};
		95D65F722E017C67009D5F10 /* Sources */ = {
			isa = PBXSourcesBuildPhase;
			buildActionMask = 2147483647;
			files = (
			);
			runOnlyForDeploymentPostprocessing = 0;
		};
/* End PBXSourcesBuildPhase section */

/* Begin PBXTargetDependency section */
		95D65F7B2E017C67009D5F10 /* PBXTargetDependency */ = {
			isa = PBXTargetDependency;
			target = 959206082DD9F0B800E0E44B /* C2PAExample */;
			targetProxy = 95D65F7A2E017C67009D5F10 /* PBXContainerItemProxy */;
		};
/* End PBXTargetDependency section */

/* Begin XCBuildConfiguration section */
		959206122DD9F0BA00E0E44B /* Debug */ = {
			isa = XCBuildConfiguration;
			buildSettings = {
				ALWAYS_SEARCH_USER_PATHS = NO;
				ASSETCATALOG_COMPILER_GENERATE_SWIFT_ASSET_SYMBOL_EXTENSIONS = YES;
				CLANG_ANALYZER_NONNULL = YES;
				CLANG_ANALYZER_NUMBER_OBJECT_CONVERSION = YES_AGGRESSIVE;
				CLANG_CXX_LANGUAGE_STANDARD = "gnu++20";
				CLANG_ENABLE_MODULES = YES;
				CLANG_ENABLE_OBJC_ARC = YES;
				CLANG_ENABLE_OBJC_WEAK = YES;
				CLANG_WARN_BLOCK_CAPTURE_AUTORELEASING = YES;
				CLANG_WARN_BOOL_CONVERSION = YES;
				CLANG_WARN_COMMA = YES;
				CLANG_WARN_CONSTANT_CONVERSION = YES;
				CLANG_WARN_DEPRECATED_OBJC_IMPLEMENTATIONS = YES;
				CLANG_WARN_DIRECT_OBJC_ISA_USAGE = YES_ERROR;
				CLANG_WARN_DOCUMENTATION_COMMENTS = YES;
				CLANG_WARN_EMPTY_BODY = YES;
				CLANG_WARN_ENUM_CONVERSION = YES;
				CLANG_WARN_INFINITE_RECURSION = YES;
				CLANG_WARN_INT_CONVERSION = YES;
				CLANG_WARN_NON_LITERAL_NULL_CONVERSION = YES;
				CLANG_WARN_OBJC_IMPLICIT_RETAIN_SELF = YES;
				CLANG_WARN_OBJC_LITERAL_CONVERSION = YES;
				CLANG_WARN_OBJC_ROOT_CLASS = YES_ERROR;
				CLANG_WARN_QUOTED_INCLUDE_IN_FRAMEWORK_HEADER = YES;
				CLANG_WARN_RANGE_LOOP_ANALYSIS = YES;
				CLANG_WARN_STRICT_PROTOTYPES = YES;
				CLANG_WARN_SUSPICIOUS_MOVE = YES;
				CLANG_WARN_UNGUARDED_AVAILABILITY = YES_AGGRESSIVE;
				CLANG_WARN_UNREACHABLE_CODE = YES;
				CLANG_WARN__DUPLICATE_METHOD_MATCH = YES;
				COPY_PHASE_STRIP = NO;
				DEBUG_INFORMATION_FORMAT = dwarf;
				ENABLE_STRICT_OBJC_MSGSEND = YES;
				ENABLE_TESTABILITY = YES;
				ENABLE_USER_SCRIPT_SANDBOXING = YES;
				GCC_C_LANGUAGE_STANDARD = gnu17;
				GCC_DYNAMIC_NO_PIC = NO;
				GCC_NO_COMMON_BLOCKS = YES;
				GCC_OPTIMIZATION_LEVEL = 0;
				GCC_PREPROCESSOR_DEFINITIONS = (
					"DEBUG=1",
					"$(inherited)",
				);
				GCC_WARN_64_TO_32_BIT_CONVERSION = YES;
				GCC_WARN_ABOUT_RETURN_TYPE = YES_ERROR;
				GCC_WARN_UNDECLARED_SELECTOR = YES;
				GCC_WARN_UNINITIALIZED_AUTOS = YES_AGGRESSIVE;
				GCC_WARN_UNUSED_FUNCTION = YES;
				GCC_WARN_UNUSED_VARIABLE = YES;
				IPHONEOS_DEPLOYMENT_TARGET = 18.4;
				LOCALIZATION_PREFERS_STRING_CATALOGS = YES;
				MTL_ENABLE_DEBUG_INFO = INCLUDE_SOURCE;
				MTL_FAST_MATH = YES;
				ONLY_ACTIVE_ARCH = YES;
				SDKROOT = iphoneos;
				SWIFT_ACTIVE_COMPILATION_CONDITIONS = "DEBUG $(inherited)";
				SWIFT_OPTIMIZATION_LEVEL = "-Onone";
			};
			name = Debug;
		};
		959206132DD9F0BA00E0E44B /* Release */ = {
			isa = XCBuildConfiguration;
			buildSettings = {
				ALWAYS_SEARCH_USER_PATHS = NO;
				ASSETCATALOG_COMPILER_GENERATE_SWIFT_ASSET_SYMBOL_EXTENSIONS = YES;
				CLANG_ANALYZER_NONNULL = YES;
				CLANG_ANALYZER_NUMBER_OBJECT_CONVERSION = YES_AGGRESSIVE;
				CLANG_CXX_LANGUAGE_STANDARD = "gnu++20";
				CLANG_ENABLE_MODULES = YES;
				CLANG_ENABLE_OBJC_ARC = YES;
				CLANG_ENABLE_OBJC_WEAK = YES;
				CLANG_WARN_BLOCK_CAPTURE_AUTORELEASING = YES;
				CLANG_WARN_BOOL_CONVERSION = YES;
				CLANG_WARN_COMMA = YES;
				CLANG_WARN_CONSTANT_CONVERSION = YES;
				CLANG_WARN_DEPRECATED_OBJC_IMPLEMENTATIONS = YES;
				CLANG_WARN_DIRECT_OBJC_ISA_USAGE = YES_ERROR;
				CLANG_WARN_DOCUMENTATION_COMMENTS = YES;
				CLANG_WARN_EMPTY_BODY = YES;
				CLANG_WARN_ENUM_CONVERSION = YES;
				CLANG_WARN_INFINITE_RECURSION = YES;
				CLANG_WARN_INT_CONVERSION = YES;
				CLANG_WARN_NON_LITERAL_NULL_CONVERSION = YES;
				CLANG_WARN_OBJC_IMPLICIT_RETAIN_SELF = YES;
				CLANG_WARN_OBJC_LITERAL_CONVERSION = YES;
				CLANG_WARN_OBJC_ROOT_CLASS = YES_ERROR;
				CLANG_WARN_QUOTED_INCLUDE_IN_FRAMEWORK_HEADER = YES;
				CLANG_WARN_RANGE_LOOP_ANALYSIS = YES;
				CLANG_WARN_STRICT_PROTOTYPES = YES;
				CLANG_WARN_SUSPICIOUS_MOVE = YES;
				CLANG_WARN_UNGUARDED_AVAILABILITY = YES_AGGRESSIVE;
				CLANG_WARN_UNREACHABLE_CODE = YES;
				CLANG_WARN__DUPLICATE_METHOD_MATCH = YES;
				COPY_PHASE_STRIP = NO;
				DEBUG_INFORMATION_FORMAT = "dwarf-with-dsym";
				ENABLE_NS_ASSERTIONS = NO;
				ENABLE_STRICT_OBJC_MSGSEND = YES;
				ENABLE_USER_SCRIPT_SANDBOXING = YES;
				GCC_C_LANGUAGE_STANDARD = gnu17;
				GCC_NO_COMMON_BLOCKS = YES;
				GCC_WARN_64_TO_32_BIT_CONVERSION = YES;
				GCC_WARN_ABOUT_RETURN_TYPE = YES_ERROR;
				GCC_WARN_UNDECLARED_SELECTOR = YES;
				GCC_WARN_UNINITIALIZED_AUTOS = YES_AGGRESSIVE;
				GCC_WARN_UNUSED_FUNCTION = YES;
				GCC_WARN_UNUSED_VARIABLE = YES;
				IPHONEOS_DEPLOYMENT_TARGET = 18.4;
				LOCALIZATION_PREFERS_STRING_CATALOGS = YES;
				MTL_ENABLE_DEBUG_INFO = NO;
				MTL_FAST_MATH = YES;
				SDKROOT = iphoneos;
				SWIFT_COMPILATION_MODE = wholemodule;
				VALIDATE_PRODUCT = YES;
			};
			name = Release;
		};
		959206152DD9F0BA00E0E44B /* Debug */ = {
			isa = XCBuildConfiguration;
			buildSettings = {
				ASSETCATALOG_COMPILER_APPICON_NAME = AppIcon;
				ASSETCATALOG_COMPILER_GLOBAL_ACCENT_COLOR_NAME = AccentColor;
				CODE_SIGN_STYLE = Automatic;
				CURRENT_PROJECT_VERSION = 1;
				DEVELOPMENT_TEAM = L444TD22SR;
				ENABLE_PREVIEWS = YES;
				GENERATE_INFOPLIST_FILE = YES;
				INFOPLIST_KEY_UIApplicationSceneManifest_Generation = YES;
				INFOPLIST_KEY_UIApplicationSupportsIndirectInputEvents = YES;
				INFOPLIST_KEY_UILaunchScreen_Generation = YES;
				INFOPLIST_KEY_UISupportedInterfaceOrientations_iPad = "UIInterfaceOrientationPortrait UIInterfaceOrientationPortraitUpsideDown UIInterfaceOrientationLandscapeLeft UIInterfaceOrientationLandscapeRight";
				INFOPLIST_KEY_UISupportedInterfaceOrientations_iPhone = "UIInterfaceOrientationPortrait UIInterfaceOrientationLandscapeLeft UIInterfaceOrientationLandscapeRight";
				LD_RUNPATH_SEARCH_PATHS = (
					"$(inherited)",
					"@executable_path/Frameworks",
				);
				MARKETING_VERSION = 1.0;
				PRODUCT_BUNDLE_IDENTIFIER = info.guardianproject.C2PAExample;
				PRODUCT_NAME = "$(TARGET_NAME)";
				SWIFT_EMIT_LOC_STRINGS = YES;
				SWIFT_VERSION = 5.0;
				TARGETED_DEVICE_FAMILY = "1,2";
			};
			name = Debug;
		};
		959206162DD9F0BA00E0E44B /* Release */ = {
			isa = XCBuildConfiguration;
			buildSettings = {
				ASSETCATALOG_COMPILER_APPICON_NAME = AppIcon;
				ASSETCATALOG_COMPILER_GLOBAL_ACCENT_COLOR_NAME = AccentColor;
				CODE_SIGN_STYLE = Automatic;
				CURRENT_PROJECT_VERSION = 1;
				DEVELOPMENT_TEAM = L444TD22SR;
				ENABLE_PREVIEWS = YES;
				GENERATE_INFOPLIST_FILE = YES;
				INFOPLIST_KEY_UIApplicationSceneManifest_Generation = YES;
				INFOPLIST_KEY_UIApplicationSupportsIndirectInputEvents = YES;
				INFOPLIST_KEY_UILaunchScreen_Generation = YES;
				INFOPLIST_KEY_UISupportedInterfaceOrientations_iPad = "UIInterfaceOrientationPortrait UIInterfaceOrientationPortraitUpsideDown UIInterfaceOrientationLandscapeLeft UIInterfaceOrientationLandscapeRight";
				INFOPLIST_KEY_UISupportedInterfaceOrientations_iPhone = "UIInterfaceOrientationPortrait UIInterfaceOrientationLandscapeLeft UIInterfaceOrientationLandscapeRight";
				LD_RUNPATH_SEARCH_PATHS = (
					"$(inherited)",
					"@executable_path/Frameworks",
				);
				MARKETING_VERSION = 1.0;
				PRODUCT_BUNDLE_IDENTIFIER = info.guardianproject.C2PAExample;
				PRODUCT_NAME = "$(TARGET_NAME)";
				SWIFT_EMIT_LOC_STRINGS = YES;
				SWIFT_VERSION = 5.0;
				TARGETED_DEVICE_FAMILY = "1,2";
			};
			name = Release;
		};
		95D65F7D2E017C67009D5F10 /* Debug */ = {
			isa = XCBuildConfiguration;
			buildSettings = {
				BUNDLE_LOADER = "$(TEST_HOST)";
				"CODE_SIGN_IDENTITY[sdk=macosx*]" = "-";
				CODE_SIGN_STYLE = Automatic;
				CURRENT_PROJECT_VERSION = 1;
				DEVELOPMENT_TEAM = L444TD22SR;
				GENERATE_INFOPLIST_FILE = YES;
				IPHONEOS_DEPLOYMENT_TARGET = 18.4;
				MARKETING_VERSION = 1.0;
				PRODUCT_BUNDLE_IDENTIFIER = info.guardianproject.C2PAExampleTests;
				PRODUCT_NAME = "$(TARGET_NAME)";
				SWIFT_EMIT_LOC_STRINGS = NO;
				SWIFT_VERSION = 5.0;
				TARGETED_DEVICE_FAMILY = "1,2";
				TEST_HOST = "$(BUILT_PRODUCTS_DIR)/C2PAExample.app/$(BUNDLE_EXECUTABLE_FOLDER_PATH)/C2PAExample";
			};
			name = Debug;
		};
		95D65F7E2E017C67009D5F10 /* Release */ = {
			isa = XCBuildConfiguration;
			buildSettings = {
				BUNDLE_LOADER = "$(TEST_HOST)";
				"CODE_SIGN_IDENTITY[sdk=macosx*]" = "-";
				CODE_SIGN_STYLE = Automatic;
				CURRENT_PROJECT_VERSION = 1;
				DEVELOPMENT_TEAM = L444TD22SR;
				GENERATE_INFOPLIST_FILE = YES;
				IPHONEOS_DEPLOYMENT_TARGET = 18.4;
				MARKETING_VERSION = 1.0;
				PRODUCT_BUNDLE_IDENTIFIER = info.guardianproject.C2PAExampleTests;
				PRODUCT_NAME = "$(TARGET_NAME)";
				SWIFT_EMIT_LOC_STRINGS = NO;
				SWIFT_VERSION = 5.0;
				TARGETED_DEVICE_FAMILY = "1,2";
				TEST_HOST = "$(BUILT_PRODUCTS_DIR)/C2PAExample.app/$(BUNDLE_EXECUTABLE_FOLDER_PATH)/C2PAExample";
			};
			name = Release;
		};
/* End XCBuildConfiguration section */

/* Begin XCConfigurationList section */
		959206042DD9F0B800E0E44B /* Build configuration list for PBXProject "C2PAExample" */ = {
			isa = XCConfigurationList;
			buildConfigurations = (
				959206122DD9F0BA00E0E44B /* Debug */,
				959206132DD9F0BA00E0E44B /* Release */,
			);
			defaultConfigurationIsVisible = 0;
			defaultConfigurationName = Release;
		};
		959206142DD9F0BA00E0E44B /* Build configuration list for PBXNativeTarget "C2PAExample" */ = {
			isa = XCConfigurationList;
			buildConfigurations = (
				959206152DD9F0BA00E0E44B /* Debug */,
				959206162DD9F0BA00E0E44B /* Release */,
			);
			defaultConfigurationIsVisible = 0;
			defaultConfigurationName = Release;
		};
		95D65F7C2E017C67009D5F10 /* Build configuration list for PBXNativeTarget "C2PAExampleTests" */ = {
			isa = XCConfigurationList;
			buildConfigurations = (
				95D65F7D2E017C67009D5F10 /* Debug */,
				95D65F7E2E017C67009D5F10 /* Release */,
			);
			defaultConfigurationIsVisible = 0;
			defaultConfigurationName = Release;
		};
/* End XCConfigurationList section */

/* Begin XCLocalSwiftPackageReference section */
		953EDDFE2DF6DA2E0095F9EF /* XCLocalSwiftPackageReference "../output/C2PA-iOS" */ = {
			isa = XCLocalSwiftPackageReference;
			relativePath = "../output/C2PA-iOS";
		};
/* End XCLocalSwiftPackageReference section */

/* Begin XCSwiftPackageProductDependency section */
		953EDDFF2DF6DA2E0095F9EF /* C2PA */ = {
			isa = XCSwiftPackageProductDependency;
			package = 953EDDFE2DF6DA2E0095F9EF /* XCLocalSwiftPackageReference "../output/C2PA-iOS" */;
			productName = C2PA;
		};
		95D65F852E017D22009D5F10 /* C2PA */ = {
			isa = XCSwiftPackageProductDependency;
			package = 953EDDFE2DF6DA2E0095F9EF /* XCLocalSwiftPackageReference "../output/C2PA-iOS" */;
			productName = C2PA;
		};
/* End XCSwiftPackageProductDependency section */
	};
	rootObject = 959206012DD9F0B800E0E44B /* Project object */;
}
